{
  "name": "Neon",
  "version": "0.2.2",
  "lockfileVersion": 1,
  "requires": true,
  "dependencies": {
    "react-svg": {
      "version": "2.2.15",
      "resolved": "https://registry.npmjs.org/react-svg/-/react-svg-2.2.15.tgz",
      "integrity": "sha512-0j/Kx1Z/47bsX/gb5VMTRRQ760SrdmP8M3hN8gChfAglagkLaenpENAoz7q1BKDB2e5P5K0VtqsZ1gJV99FmSg==",
      "requires": {
        "svg-injector": "1.1.3"
      }
    },
    "svg-injector": {
      "version": "1.1.3",
      "resolved": "https://registry.npmjs.org/svg-injector/-/svg-injector-1.1.3.tgz",
      "integrity": "sha1-j7oY10GeX4GOcSxPgtg+41dhDmE="
    }
  }
}
